
Microsoft Visual Studio Solution File, Format Version 12.00
# Visual Studio Version 17
VisualStudioVersion = 17.0.31903.59
MinimumVisualStudioVersion = 10.0.40219.1
Project("{2150E333-8FDC-42A3-9474-1A3956D46DE8}") = "src", "src", "{3A3B0535-7E11-4775-A980-1BC4300A41F1}"
EndProject
Project("{FAE04EC0-301F-11D3-BF4B-00C04F79EFBC}") = "Algorithms", "src\Algorithms\Algorithms.csproj", "{CAF8C652-151D-4810-9FDC-DAAE6F8AA888}"
EndProject
Project("{FAE04EC0-301F-11D3-BF4B-00C04F79EFBC}") = "Extensions", "src\Extensions\Extensions.csproj", "{C7F06D83-89DB-48EC-A589-5E9DF09FB7BA}"
EndProject
Global
	GlobalSection(SolutionConfigurationPlatforms) = preSolution
		Debug|Any CPU = Debug|Any CPU
		Release|Any CPU = Release|Any CPU
	EndGlobalSection
	GlobalSection(SolutionProperties) = preSolution
		HideSolutionNode = FALSE
	EndGlobalSection
	GlobalSection(ProjectConfigurationPlatforms) = postSolution
		{CAF8C652-151D-4810-9FDC-DAAE6F8AA888}.Debug|Any CPU.ActiveCfg = Debug|Any CPU
		{CAF8C652-151D-4810-9FDC-DAAE6F8AA888}.Debug|Any CPU.Build.0 = Debug|Any CPU
		{CAF8C652-151D-4810-9FDC-DAAE6F8AA888}.Release|Any CPU.ActiveCfg = Release|Any CPU
		{CAF8C652-151D-4810-9FDC-DAAE6F8AA888}.Release|Any CPU.Build.0 = Release|Any CPU
		{C7F06D83-89DB-48EC-A589-5E9DF09FB7BA}.Debug|Any CPU.ActiveCfg = Debug|Any CPU
		{C7F06D83-89DB-48EC-A589-5E9DF09FB7BA}.Debug|Any CPU.Build.0 = Debug|Any CPU
		{C7F06D83-89DB-48EC-A589-5E9DF09FB7BA}.Release|Any CPU.ActiveCfg = Release|Any CPU
		{C7F06D83-89DB-48EC-A589-5E9DF09FB7BA}.Release|Any CPU.Build.0 = Release|Any CPU
	EndGlobalSection
	GlobalSection(NestedProjects) = preSolution
		{CAF8C652-151D-4810-9FDC-DAAE6F8AA888} = {3A3B0535-7E11-4775-A980-1BC4300A41F1}
		{C7F06D83-89DB-48EC-A589-5E9DF09FB7BA} = {3A3B0535-7E11-4775-A980-1BC4300A41F1}
	EndGlobalSection
EndGlobal
